
Microsoft Visual Studio Solution File, Format Version 12.00
# Visual Studio Version 16
VisualStudioVersion = 16.0.30104.148
MinimumVisualStudioVersion = 10.0.40219.1
Project("{FAE04EC0-301F-11D3-BF4B-00C04F79EFBC}") = "ACM.BL", "ACM.BL.csproj", "{A2E1CC17-07EA-4459-AC64-26B2090DDA00}"
EndProject
Global
	GlobalSection(SolutionConfigurationPlatforms) = preSolution
		Debug|Any CPU = Debug|Any CPU
		Release|Any CPU = Release|Any CPU
	EndGlobalSection
	GlobalSection(ProjectConfigurationPlatforms) = postSolution
		{A2E1CC17-07EA-4459-AC64-26B2090DDA00}.Debug|Any CPU.ActiveCfg = Debug|Any CPU
		{A2E1CC17-07EA-4459-AC64-26B2090DDA00}.Debug|Any CPU.Build.0 = Debug|Any CPU
		{A2E1CC17-07EA-4459-AC64-26B2090DDA00}.Release|Any CPU.ActiveCfg = Release|Any CPU
		{A2E1CC17-07EA-4459-AC64-26B2090DDA00}.Release|Any CPU.Build.0 = Release|Any CPU
	EndGlobalSection
	GlobalSection(SolutionProperties) = preSolution
		HideSolutionNode = FALSE
	EndGlobalSection
	GlobalSection(ExtensibilityGlobals) = postSolution
		SolutionGuid = {0E7A7BF9-3676-402B-8B3A-08E522BD003E}
	EndGlobalSection
EndGlobal
